
Microsoft Visual Studio Solution File, Format Version 12.00
# Visual Studio Version 17
VisualStudioVersion = 17.0.31903.59
MinimumVisualStudioVersion = 10.0.40219.1
Project("{FAE04EC0-301F-11D3-BF4B-00C04F79EFBC}") = "PrimeiraAtividade", "PrimeiraAtividade\PrimeiraAtividade.csproj", "{3B1D1A93-132D-44F1-B13F-775C0F5A6F53}"
EndProject
Project("{FAE04EC0-301F-11D3-BF4B-00C04F79EFBC}") = "SegundaAtividade", "SegundaAtividade\SegundaAtividade.csproj", "{BA96F35F-91BF-4027-9EE3-46F6AD94BC2A}"
EndProject
Project("{2150E333-8FDC-42A3-9474-1A3956D46DE8}") = "SegundaAtividade", "SegundaAtividade", "{ACC6AFDA-CFDC-4570-9371-5404BF22E350}"
EndProject
Project("{2150E333-8FDC-42A3-9474-1A3956D46DE8}") = "PrimeiraAtividade", "PrimeiraAtividade", "{740ADB02-22FE-4A60-A25A-D85E66ABFDEB}"
EndProject
Project("{2150E333-8FDC-42A3-9474-1A3956D46DE8}") = "TerceiraAtividade", "TerceiraAtividade", "{DDE4354E-E651-4D07-B5D3-0E2B9F481C88}"
EndProject
Project("{FAE04EC0-301F-11D3-BF4B-00C04F79EFBC}") = "TerceiraAtividade", "TerceiraAtividade\TerceiraAtividade.csproj", "{01BE7039-ECA8-48F1-99AE-1885F5702DDF}"
EndProject
Project("{2150E333-8FDC-42A3-9474-1A3956D46DE8}") = "QuartaAtividade", "QuartaAtividade", "{F3F7575B-4B66-4773-A1B6-5AB948B8EF09}"
EndProject
Project("{2150E333-8FDC-42A3-9474-1A3956D46DE8}") = "QuartaAtividade", "QuartaAtividade", "{7BE43EFB-3899-42BD-8E8B-4A65DC89B6F7}"
EndProject
Project("{FAE04EC0-301F-11D3-BF4B-00C04F79EFBC}") = "QuartaAtividade", "QuartaAtividade\QuartaAtividade.csproj", "{15B37504-5369-498C-BD94-FCB45EA39BF9}"
EndProject
Project("{2150E333-8FDC-42A3-9474-1A3956D46DE8}") = "QuintaAtividade", "QuintaAtividade", "{7D91126B-686B-4E30-AA6E-BAEB732C1923}"
EndProject
Project("{FAE04EC0-301F-11D3-BF4B-00C04F79EFBC}") = "QuintaAtividade", "QuintaAtividade\QuintaAtividade.csproj", "{43C2D36E-BC16-419C-BFE0-175AB0ADF504}"
EndProject
Project("{2150E333-8FDC-42A3-9474-1A3956D46DE8}") = "SextaAtividade", "SextaAtividade", "{B2FDFCE3-5A14-4A3D-AADD-5C393516BB45}"
EndProject
Project("{FAE04EC0-301F-11D3-BF4B-00C04F79EFBC}") = "SextaAtividade", "SextaAtividade\SextaAtividade.csproj", "{6FB7FBB8-E67E-4216-BE44-B0562C1F486B}"
EndProject
Project("{2150E333-8FDC-42A3-9474-1A3956D46DE8}") = "SetimaAtividade", "SetimaAtividade", "{33A4E66D-F318-4FCA-8B3C-96647688C9F1}"
EndProject
Project("{FAE04EC0-301F-11D3-BF4B-00C04F79EFBC}") = "SetimaAtividade", "SetimaAtividade\SetimaAtividade.csproj", "{33445B6B-50D0-4928-8DC7-138EC2FEF607}"
EndProject
Project("{2150E333-8FDC-42A3-9474-1A3956D46DE8}") = "OitavaAtividade", "OitavaAtividade", "{DA043A9F-2C1D-4BC9-934B-32C465A10331}"
EndProject
Project("{FAE04EC0-301F-11D3-BF4B-00C04F79EFBC}") = "OitavaAtividade", "OitavaAtividade\OitavaAtividade.csproj", "{C564DE4A-E776-4F34-9F62-2DCDCE3FC223}"
EndProject
Project("{2150E333-8FDC-42A3-9474-1A3956D46DE8}") = "NonaAtividade", "NonaAtividade", "{27F263A9-B560-48B1-BF27-D6F129700C5D}"
EndProject
Project("{FAE04EC0-301F-11D3-BF4B-00C04F79EFBC}") = "NonaAtividade", "NonaAtividade\NonaAtividade.csproj", "{83C6D464-AACE-4CE1-9740-FB5B782CE1DC}"
EndProject
Project("{2150E333-8FDC-42A3-9474-1A3956D46DE8}") = "DécimaAtividade", "DécimaAtividade", "{9344DB55-64A8-45E0-8C66-F943AC5F7E54}"
EndProject
Project("{FAE04EC0-301F-11D3-BF4B-00C04F79EFBC}") = "DécimaAtividade", "DécimaAtividade\DécimaAtividade.csproj", "{B35EB49B-E5BC-41CE-969E-682AC3F3CE19}"
EndProject
Project("{2150E333-8FDC-42A3-9474-1A3956D46DE8}") = "DécimaPrimeiraAtividade", "DécimaPrimeiraAtividade", "{08C06B57-C1C2-4B3A-B93A-CF76B1FAE16F}"
EndProject
Project("{FAE04EC0-301F-11D3-BF4B-00C04F79EFBC}") = "DécimaPrimeiraAtividade", "DécimaPrimeiraAtividade\DécimaPrimeiraAtividade.csproj", "{977D0705-1BE7-46EE-80D7-2D091CCED3A6}"
EndProject
Project("{2150E333-8FDC-42A3-9474-1A3956D46DE8}") = "DécimaSegundaAtividade", "DécimaSegundaAtividade", "{46147459-BEAA-4834-AEC2-A4270D4C20A2}"
EndProject
Project("{FAE04EC0-301F-11D3-BF4B-00C04F79EFBC}") = "DécimaSegundaAtividade", "DécimaSegundaAtividade\DécimaSegundaAtividade.csproj", "{1B77BED7-861B-47D2-BAD9-CDF7A329657B}"
EndProject
Global
	GlobalSection(SolutionConfigurationPlatforms) = preSolution
		Debug|Any CPU = Debug|Any CPU
		Release|Any CPU = Release|Any CPU
	EndGlobalSection
	GlobalSection(SolutionProperties) = preSolution
		HideSolutionNode = FALSE
	EndGlobalSection
	GlobalSection(ProjectConfigurationPlatforms) = postSolution
		{3B1D1A93-132D-44F1-B13F-775C0F5A6F53}.Debug|Any CPU.ActiveCfg = Debug|Any CPU
		{3B1D1A93-132D-44F1-B13F-775C0F5A6F53}.Debug|Any CPU.Build.0 = Debug|Any CPU
		{3B1D1A93-132D-44F1-B13F-775C0F5A6F53}.Release|Any CPU.ActiveCfg = Release|Any CPU
		{3B1D1A93-132D-44F1-B13F-775C0F5A6F53}.Release|Any CPU.Build.0 = Release|Any CPU
		{BA96F35F-91BF-4027-9EE3-46F6AD94BC2A}.Debug|Any CPU.ActiveCfg = Debug|Any CPU
		{BA96F35F-91BF-4027-9EE3-46F6AD94BC2A}.Debug|Any CPU.Build.0 = Debug|Any CPU
		{BA96F35F-91BF-4027-9EE3-46F6AD94BC2A}.Release|Any CPU.ActiveCfg = Release|Any CPU
		{BA96F35F-91BF-4027-9EE3-46F6AD94BC2A}.Release|Any CPU.Build.0 = Release|Any CPU
		{01BE7039-ECA8-48F1-99AE-1885F5702DDF}.Debug|Any CPU.ActiveCfg = Debug|Any CPU
		{01BE7039-ECA8-48F1-99AE-1885F5702DDF}.Debug|Any CPU.Build.0 = Debug|Any CPU
		{01BE7039-ECA8-48F1-99AE-1885F5702DDF}.Release|Any CPU.ActiveCfg = Release|Any CPU
		{01BE7039-ECA8-48F1-99AE-1885F5702DDF}.Release|Any CPU.Build.0 = Release|Any CPU
		{15B37504-5369-498C-BD94-FCB45EA39BF9}.Debug|Any CPU.ActiveCfg = Debug|Any CPU
		{15B37504-5369-498C-BD94-FCB45EA39BF9}.Debug|Any CPU.Build.0 = Debug|Any CPU
		{15B37504-5369-498C-BD94-FCB45EA39BF9}.Release|Any CPU.ActiveCfg = Release|Any CPU
		{15B37504-5369-498C-BD94-FCB45EA39BF9}.Release|Any CPU.Build.0 = Release|Any CPU
		{43C2D36E-BC16-419C-BFE0-175AB0ADF504}.Debug|Any CPU.ActiveCfg = Debug|Any CPU
		{43C2D36E-BC16-419C-BFE0-175AB0ADF504}.Debug|Any CPU.Build.0 = Debug|Any CPU
		{43C2D36E-BC16-419C-BFE0-175AB0ADF504}.Release|Any CPU.ActiveCfg = Release|Any CPU
		{43C2D36E-BC16-419C-BFE0-175AB0ADF504}.Release|Any CPU.Build.0 = Release|Any CPU
		{6FB7FBB8-E67E-4216-BE44-B0562C1F486B}.Debug|Any CPU.ActiveCfg = Debug|Any CPU
		{6FB7FBB8-E67E-4216-BE44-B0562C1F486B}.Debug|Any CPU.Build.0 = Debug|Any CPU
		{6FB7FBB8-E67E-4216-BE44-B0562C1F486B}.Release|Any CPU.ActiveCfg = Release|Any CPU
		{6FB7FBB8-E67E-4216-BE44-B0562C1F486B}.Release|Any CPU.Build.0 = Release|Any CPU
		{33445B6B-50D0-4928-8DC7-138EC2FEF607}.Debug|Any CPU.ActiveCfg = Debug|Any CPU
		{33445B6B-50D0-4928-8DC7-138EC2FEF607}.Debug|Any CPU.Build.0 = Debug|Any CPU
		{33445B6B-50D0-4928-8DC7-138EC2FEF607}.Release|Any CPU.ActiveCfg = Release|Any CPU
		{33445B6B-50D0-4928-8DC7-138EC2FEF607}.Release|Any CPU.Build.0 = Release|Any CPU
		{C564DE4A-E776-4F34-9F62-2DCDCE3FC223}.Debug|Any CPU.ActiveCfg = Debug|Any CPU
		{C564DE4A-E776-4F34-9F62-2DCDCE3FC223}.Debug|Any CPU.Build.0 = Debug|Any CPU
		{C564DE4A-E776-4F34-9F62-2DCDCE3FC223}.Release|Any CPU.ActiveCfg = Release|Any CPU
		{C564DE4A-E776-4F34-9F62-2DCDCE3FC223}.Release|Any CPU.Build.0 = Release|Any CPU
		{83C6D464-AACE-4CE1-9740-FB5B782CE1DC}.Debug|Any CPU.ActiveCfg = Debug|Any CPU
		{83C6D464-AACE-4CE1-9740-FB5B782CE1DC}.Debug|Any CPU.Build.0 = Debug|Any CPU
		{83C6D464-AACE-4CE1-9740-FB5B782CE1DC}.Release|Any CPU.ActiveCfg = Release|Any CPU
		{83C6D464-AACE-4CE1-9740-FB5B782CE1DC}.Release|Any CPU.Build.0 = Release|Any CPU
		{B35EB49B-E5BC-41CE-969E-682AC3F3CE19}.Debug|Any CPU.ActiveCfg = Debug|Any CPU
		{B35EB49B-E5BC-41CE-969E-682AC3F3CE19}.Debug|Any CPU.Build.0 = Debug|Any CPU
		{B35EB49B-E5BC-41CE-969E-682AC3F3CE19}.Release|Any CPU.ActiveCfg = Release|Any CPU
		{B35EB49B-E5BC-41CE-969E-682AC3F3CE19}.Release|Any CPU.Build.0 = Release|Any CPU
		{977D0705-1BE7-46EE-80D7-2D091CCED3A6}.Debug|Any CPU.ActiveCfg = Debug|Any CPU
		{977D0705-1BE7-46EE-80D7-2D091CCED3A6}.Debug|Any CPU.Build.0 = Debug|Any CPU
		{977D0705-1BE7-46EE-80D7-2D091CCED3A6}.Release|Any CPU.ActiveCfg = Release|Any CPU
		{977D0705-1BE7-46EE-80D7-2D091CCED3A6}.Release|Any CPU.Build.0 = Release|Any CPU
		{1B77BED7-861B-47D2-BAD9-CDF7A329657B}.Debug|Any CPU.ActiveCfg = Debug|Any CPU
		{1B77BED7-861B-47D2-BAD9-CDF7A329657B}.Debug|Any CPU.Build.0 = Debug|Any CPU
		{1B77BED7-861B-47D2-BAD9-CDF7A329657B}.Release|Any CPU.ActiveCfg = Release|Any CPU
		{1B77BED7-861B-47D2-BAD9-CDF7A329657B}.Release|Any CPU.Build.0 = Release|Any CPU
	EndGlobalSection
	GlobalSection(NestedProjects) = preSolution
		{1B77BED7-861B-47D2-BAD9-CDF7A329657B} = {46147459-BEAA-4834-AEC2-A4270D4C20A2}
		{977D0705-1BE7-46EE-80D7-2D091CCED3A6} = {08C06B57-C1C2-4B3A-B93A-CF76B1FAE16F}
		{B35EB49B-E5BC-41CE-969E-682AC3F3CE19} = {9344DB55-64A8-45E0-8C66-F943AC5F7E54}
		{83C6D464-AACE-4CE1-9740-FB5B782CE1DC} = {27F263A9-B560-48B1-BF27-D6F129700C5D}
		{C564DE4A-E776-4F34-9F62-2DCDCE3FC223} = {DA043A9F-2C1D-4BC9-934B-32C465A10331}
		{33445B6B-50D0-4928-8DC7-138EC2FEF607} = {33A4E66D-F318-4FCA-8B3C-96647688C9F1}
		{6FB7FBB8-E67E-4216-BE44-B0562C1F486B} = {B2FDFCE3-5A14-4A3D-AADD-5C393516BB45}
		{43C2D36E-BC16-419C-BFE0-175AB0ADF504} = {7D91126B-686B-4E30-AA6E-BAEB732C1923}
		{15B37504-5369-498C-BD94-FCB45EA39BF9} = {7BE43EFB-3899-42BD-8E8B-4A65DC89B6F7}
		{F3F7575B-4B66-4773-A1B6-5AB948B8EF09} = {F3F7575B-4B66-4773-A1B6-5AB948B8EF09}
		{01BE7039-ECA8-48F1-99AE-1885F5702DDF} = {DDE4354E-E651-4D07-B5D3-0E2B9F481C88}
		{BA96F35F-91BF-4027-9EE3-46F6AD94BC2A} = {ACC6AFDA-CFDC-4570-9371-5404BF22E350}
		{3B1D1A93-132D-44F1-B13F-775C0F5A6F53} = {740ADB02-22FE-4A60-A25A-D85E66ABFDEB}
	EndGlobalSection
EndGlobal
